// !$*UTF8*$!
{
	archiveVersion = 1;
	classes = {
	};
	objectVersion = 46;
	objects = {

/* Begin PBXBuildFile section */
		9D2381101F34209D00DD4569 /* AppDelegate.swift in Sources */ = {isa = PBXBuildFile; fileRef = 9D23810F1F34209D00DD4569 /* AppDelegate.swift */; };
		9D2381121F34209D00DD4569 /* ViewController.swift in Sources */ = {isa = PBXBuildFile; fileRef = 9D2381111F34209D00DD4569 /* ViewController.swift */; };
		9D2381151F34209D00DD4569 /* Main.storyboard in Resources */ = {isa = PBXBuildFile; fileRef = 9D2381131F34209D00DD4569 /* Main.storyboard */; };
		9D2381171F34209D00DD4569 /* Assets.xcassets in Resources */ = {isa = PBXBuildFile; fileRef = 9D2381161F34209D00DD4569 /* Assets.xcassets */; };
		9D23811A1F34209D00DD4569 /* LaunchScreen.storyboard in Resources */ = {isa = PBXBuildFile; fileRef = 9D2381181F34209D00DD4569 /* LaunchScreen.storyboard */; };
		9D2381241F3420BE00DD4569 /* aspas-direita.png in Resources */ = {isa = PBXBuildFile; fileRef = 9D2381211F3420BE00DD4569 /* aspas-direita.png */; };
		9D2381251F3420BE00DD4569 /* aspas-esquerda.png in Resources */ = {isa = PBXBuildFile; fileRef = 9D2381221F3420BE00DD4569 /* aspas-esquerda.png */; };
		9D2381261F3420BE00DD4569 /* logo.png in Resources */ = {isa = PBXBuildFile; fileRef = 9D2381231F3420BE00DD4569 /* logo.png */; };
/* End PBXBuildFile section */

/* Begin PBXFileReference section */
		9D23810C1F34209D00DD4569 /* Frases do Dia.app */ = {isa = PBXFileReference; explicitFileType = wrapper.application; includeInIndex = 0; path = "Frases do Dia.app"; sourceTree = BUILT_PRODUCTS_DIR; };
		9D23810F1F34209D00DD4569 /* AppDelegate.swift */ = {isa = PBXFileReference; lastKnownFileType = sourcecode.swift; path = AppDelegate.swift; sourceTree = "<group>"; };
		9D2381111F34209D00DD4569 /* ViewController.swift */ = {isa = PBXFileReference; lastKnownFileType = sourcecode.swift; path = ViewController.swift; sourceTree = "<group>"; };
		9D2381141F34209D00DD4569 /* Base */ = {isa = PBXFileReference; lastKnownFileType = file.storyboard; name = Base; path = Base.lproj/Main.storyboard; sourceTree = "<group>"; };
		9D2381161F34209D00DD4569 /* Assets.xcassets */ = {isa = PBXFileReference; lastKnownFileType = folder.assetcatalog; path = Assets.xcassets; sourceTree = "<group>"; };
		9D2381191F34209D00DD4569 /* Base */ = {isa = PBXFileReference; lastKnownFileType = file.storyboard; name = Base; path = Base.lproj/LaunchScreen.storyboard; sourceTree = "<group>"; };
		9D23811B1F34209D00DD4569 /* Info.plist */ = {isa = PBXFileReference; lastKnownFileType = text.plist.xml; path = Info.plist; sourceTree = "<group>"; };
		9D2381211F3420BE00DD4569 /* aspas-direita.png */ = {isa = PBXFileReference; lastKnownFileType = image.png; path = "aspas-direita.png"; sourceTree = "<group>"; };
		9D2381221F3420BE00DD4569 /* aspas-esquerda.png */ = {isa = PBXFileReference; lastKnownFileType = image.png; path = "aspas-esquerda.png"; sourceTree = "<group>"; };
		9D2381231F3420BE00DD4569 /* logo.png */ = {isa = PBXFileReference; lastKnownFileType = image.png; path = logo.png; sourceTree = "<group>"; };
/* End PBXFileReference section */

/* Begin PBXFrameworksBuildPhase section */
		9D2381091F34209C00DD4569 /* Frameworks */ = {
			isa = PBXFrameworksBuildPhase;
			buildActionMask = 2147483647;
			files = (
			);
			runOnlyForDeploymentPostprocessing = 0;
		};
/* End PBXFrameworksBuildPhase section */

/* Begin PBXGroup section */
		9D2381031F34209C00DD4569 = {
			isa = PBXGroup;
			children = (
				9D23810E1F34209D00DD4569 /* Frases do Dia */,
				9D23810D1F34209D00DD4569 /* Products */,
			);
			sourceTree = "<group>";
		};
		9D23810D1F34209D00DD4569 /* Products */ = {
			isa = PBXGroup;
			children = (
				9D23810C1F34209D00DD4569 /* Frases do Dia.app */,
			);
			name = Products;
			sourceTree = "<group>";
		};
		9D23810E1F34209D00DD4569 /* Frases do Dia */ = {
			isa = PBXGroup;
			children = (
				9D2381211F3420BE00DD4569 /* aspas-direita.png */,
				9D2381221F3420BE00DD4569 /* aspas-esquerda.png */,
				9D2381231F3420BE00DD4569 /* logo.png */,
				9D23810F1F34209D00DD4569 /* AppDelegate.swift */,
				9D2381111F34209D00DD4569 /* ViewController.swift */,
				9D2381131F34209D00DD4569 /* Main.storyboard */,
				9D2381161F34209D00DD4569 /* Assets.xcassets */,
				9D2381181F34209D00DD4569 /* LaunchScreen.storyboard */,
				9D23811B1F34209D00DD4569 /* Info.plist */,
			);
			path = "Frases do Dia";
			sourceTree = "<group>";
		};
/* End PBXGroup section */

/* Begin PBXNativeTarget section */
		9D23810B1F34209C00DD4569 /* Frases do Dia */ = {
			isa = PBXNativeTarget;
			buildConfigurationList = 9D23811E1F34209D00DD4569 /* Build configuration list for PBXNativeTarget "Frases do Dia" */;
			buildPhases = (
				9D2381081F34209C00DD4569 /* Sources */,
				9D2381091F34209C00DD4569 /* Frameworks */,
				9D23810A1F34209C00DD4569 /* Resources */,
			);
			buildRules = (
			);
			dependencies = (
			);
			name = "Frases do Dia";
			productName = "Frases do Dia";
			productReference = 9D23810C1F34209D00DD4569 /* Frases do Dia.app */;
			productType = "com.apple.product-type.application";
		};
/* End PBXNativeTarget section */

/* Begin PBXProject section */
		9D2381041F34209C00DD4569 /* Project object */ = {
			isa = PBXProject;
			attributes = {
				LastSwiftUpdateCheck = 0820;
				LastUpgradeCheck = 0820;
				ORGANIZATIONNAME = Codex;
				TargetAttributes = {
					9D23810B1F34209C00DD4569 = {
						CreatedOnToolsVersion = 8.2.1;
						DevelopmentTeam = H5Z7D332VF;
						ProvisioningStyle = Automatic;
					};
				};
			};
			buildConfigurationList = 9D2381071F34209C00DD4569 /* Build configuration list for PBXProject "Frases do Dia" */;
			compatibilityVersion = "Xcode 3.2";
			developmentRegion = English;
			hasScannedForEncodings = 0;
			knownRegions = (
				en,
				Base,
			);
			mainGroup = 9D2381031F34209C00DD4569;
			productRefGroup = 9D23810D1F34209D00DD4569 /* Products */;
			projectDirPath = "";
			projectRoot = "";
			targets = (
				9D23810B1F34209C00DD4569 /* Frases do Dia */,
			);
		};
/* End PBXProject section */

/* Begin PBXResourcesBuildPhase section */
		9D23810A1F34209C00DD4569 /* Resources */ = {
			isa = PBXResourcesBuildPhase;
			buildActionMask = 2147483647;
			files = (
				9D23811A1F34209D00DD4569 /* LaunchScreen.storyboard in Resources */,
				9D2381171F34209D00DD4569 /* Assets.xcassets in Resources */,
				9D2381261F3420BE00DD4569 /* logo.png in Resources */,
				9D2381151F34209D00DD4569 /* Main.storyboard in Resources */,
				9D2381241F3420BE00DD4569 /* aspas-direita.png in Resources */,
				9D2381251F3420BE00DD4569 /* aspas-esquerda.png in Resources */,
			);
			runOnlyForDeploymentPostprocessing = 0;
		};
/* End PBXResourcesBuildPhase section */

/* Begin PBXSourcesBuildPhase section */
		9D2381081F34209C00DD4569 /* Sources */ = {
			isa = PBXSourcesBuildPhase;
			buildActionMask = 2147483647;
			files = (
				9D2381121F34209D00DD4569 /* ViewController.swift in Sources */,
				9D2381101F34209D00DD4569 /* AppDelegate.swift in Sources */,
			);
			runOnlyForDeploymentPostprocessing = 0;
		};
/* End PBXSourcesBuildPhase section */

/* Begin PBXVariantGroup section */
		9D2381131F34209D00DD4569 /* Main.storyboard */ = {
			isa = PBXVariantGroup;
			children = (
				9D2381141F34209D00DD4569 /* Base */,
			);
			name = Main.storyboard;
			sourceTree = "<group>";
		};
		9D2381181F34209D00DD4569 /* LaunchScreen.storyboard */ = {
			isa = PBXVariantGroup;
			children = (
				9D2381191F34209D00DD4569 /* Base */,
			);
			name = LaunchScreen.storyboard;
			sourceTree = "<group>";
		};
/* End PBXVariantGroup section */

/* Begin XCBuildConfiguration section */
		9D23811C1F34209D00DD4569 /* Debug */ = {
			isa = XCBuildConfiguration;
			buildSettings = {
				ALWAYS_SEARCH_USER_PATHS = NO;
				CLANG_ANALYZER_NONNULL = YES;
				CLANG_CXX_LANGUAGE_STANDARD = "gnu++0x";
				CLANG_CXX_LIBRARY = "libc++";
				CLANG_ENABLE_MODULES = YES;
				CLANG_ENABLE_OBJC_ARC = YES;
				CLANG_WARN_BOOL_CONVERSION = YES;
				CLANG_WARN_CONSTANT_CONVERSION = YES;
				CLANG_WARN_DIRECT_OBJC_ISA_USAGE = YES_ERROR;
				CLANG_WARN_DOCUMENTATION_COMMENTS = YES;
				CLANG_WARN_EMPTY_BODY = YES;
				CLANG_WARN_ENUM_CONVERSION = YES;
				CLANG_WARN_INFINITE_RECURSION = YES;
				CLANG_WARN_INT_CONVERSION = YES;
				CLANG_WARN_OBJC_ROOT_CLASS = YES_ERROR;
				CLANG_WARN_SUSPICIOUS_MOVE = YES;
				CLANG_WARN_UNREACHABLE_CODE = YES;
				CLANG_WARN__DUPLICATE_METHOD_MATCH = YES;
				"CODE_SIGN_IDENTITY[sdk=iphoneos*]" = "iPhone Developer";
				COPY_PHASE_STRIP = NO;
				DEBUG_INFORMATION_FORMAT = dwarf;
				ENABLE_STRICT_OBJC_MSGSEND = YES;
				ENABLE_TESTABILITY = YES;
				GCC_C_LANGUAGE_STANDARD = gnu99;
				GCC_DYNAMIC_NO_PIC = NO;
				GCC_NO_COMMON_BLOCKS = YES;
				GCC_OPTIMIZATION_LEVEL = 0;
				GCC_PREPROCESSOR_DEFINITIONS = (
					"DEBUG=1",
					"$(inherited)",
				);
				GCC_WARN_64_TO_32_BIT_CONVERSION = YES;
				GCC_WARN_ABOUT_RETURN_TYPE = YES_ERROR;
				GCC_WARN_UNDECLARED_SELECTOR = YES;
				GCC_WARN_UNINITIALIZED_AUTOS = YES_AGGRESSIVE;
				GCC_WARN_UNUSED_FUNCTION = YES;
				GCC_WARN_UNUSED_VARIABLE = YES;
				IPHONEOS_DEPLOYMENT_TARGET = 10.2;
				MTL_ENABLE_DEBUG_INFO = YES;
				ONLY_ACTIVE_ARCH = YES;
				SDKROOT = iphoneos;
				SWIFT_ACTIVE_COMPILATION_CONDITIONS = DEBUG;
				SWIFT_OPTIMIZATION_LEVEL = "-Onone";
			};
			name = Debug;
		};
		9D23811D1F34209D00DD4569 /* Release */ = {
			isa = XCBuildConfiguration;
			buildSettings = {
				ALWAYS_SEARCH_USER_PATHS = NO;
				CLANG_ANALYZER_NONNULL = YES;
				CLANG_CXX_LANGUAGE_STANDARD = "gnu++0x";
				CLANG_CXX_LIBRARY = "libc++";
				CLANG_ENABLE_MODULES = YES;
				CLANG_ENABLE_OBJC_ARC = YES;
				CLANG_WARN_BOOL_CONVERSION = YES;
				CLANG_WARN_CONSTANT_CONVERSION = YES;
				CLANG_WARN_DIRECT_OBJC_ISA_USAGE = YES_ERROR;
				CLANG_WARN_DOCUMENTATION_COMMENTS = YES;
				CLANG_WARN_EMPTY_BODY = YES;
				CLANG_WARN_ENUM_CONVERSION = YES;
				CLANG_WARN_INFINITE_RECURSION = YES;
				CLANG_WARN_INT_CONVERSION = YES;
				CLANG_WARN_OBJC_ROOT_CLASS = YES_ERROR;
				CLANG_WARN_SUSPICIOUS_MOVE = YES;
				CLANG_WARN_UNREACHABLE_CODE = YES;
				CLANG_WARN__DUPLICATE_METHOD_MATCH = YES;
				"CODE_SIGN_IDENTITY[sdk=iphoneos*]" = "iPhone Developer";
				COPY_PHASE_STRIP = NO;
				DEBUG_INFORMATION_FORMAT = "dwarf-with-dsym";
				ENABLE_NS_ASSERTIONS = NO;
				ENABLE_STRICT_OBJC_MSGSEND = YES;
				GCC_C_LANGUAGE_STANDARD = gnu99;
				GCC_NO_COMMON_BLOCKS = YES;
				GCC_WARN_64_TO_32_BIT_CONVERSION = YES;
				GCC_WARN_ABOUT_RETURN_TYPE = YES_ERROR;
				GCC_WARN_UNDECLARED_SELECTOR = YES;
				GCC_WARN_UNINITIALIZED_AUTOS = YES_AGGRESSIVE;
				GCC_WARN_UNUSED_FUNCTION = YES;
				GCC_WARN_UNUSED_VARIABLE = YES;
				IPHONEOS_DEPLOYMENT_TARGET = 10.2;
				MTL_ENABLE_DEBUG_INFO = NO;
				SDKROOT = iphoneos;
				SWIFT_OPTIMIZATION_LEVEL = "-Owholemodule";
				VALIDATE_PRODUCT = YES;
			};
			name = Release;
		};
		9D23811F1F34209D00DD4569 /* Debug */ = {
			isa = XCBuildConfiguration;
			buildSettings = {
				ASSETCATALOG_COMPILER_APPICON_NAME = AppIcon;
				DEVELOPMENT_TEAM = H5Z7D332VF;
				INFOPLIST_FILE = "Frases do Dia/Info.plist";
				LD_RUNPATH_SEARCH_PATHS = "$(inherited) @executable_path/Frameworks";
				PRODUCT_BUNDLE_IDENTIFIER = "com.codex.ios.Frases-do-Dia";
				PRODUCT_NAME = "$(TARGET_NAME)";
				SWIFT_VERSION = 3.0;
			};
			name = Debug;
		};
		9D2381201F34209D00DD4569 /* Release */ = {
			isa = XCBuildConfiguration;
			buildSettings = {
				ASSETCATALOG_COMPILER_APPICON_NAME = AppIcon;
				DEVELOPMENT_TEAM = H5Z7D332VF;
				INFOPLIST_FILE = "Frases do Dia/Info.plist";
				LD_RUNPATH_SEARCH_PATHS = "$(inherited) @executable_path/Frameworks";
				PRODUCT_BUNDLE_IDENTIFIER = "com.codex.ios.Frases-do-Dia";
				PRODUCT_NAME = "$(TARGET_NAME)";
				SWIFT_VERSION = 3.0;
			};
			name = Release;
		};
/* End XCBuildConfiguration section */

/* Begin XCConfigurationList section */
		9D2381071F34209C00DD4569 /* Build configuration list for PBXProject "Frases do Dia" */ = {
			isa = XCConfigurationList;
			buildConfigurations = (
				9D23811C1F34209D00DD4569 /* Debug */,
				9D23811D1F34209D00DD4569 /* Release */,
			);
			defaultConfigurationIsVisible = 0;
			defaultConfigurationName = Release;
		};
		9D23811E1F34209D00DD4569 /* Build configuration list for PBXNativeTarget "Frases do Dia" */ = {
			isa = XCConfigurationList;
			buildConfigurations = (
				9D23811F1F34209D00DD4569 /* Debug */,
				9D2381201F34209D00DD4569 /* Release */,
			);
			defaultConfigurationIsVisible = 0;
		};
/* End XCConfigurationList section */
	};
	rootObject = 9D2381041F34209C00DD4569 /* Project object */;
}
